
Microsoft Visual Studio Solution File, Format Version 12.00
# Visual Studio Version 16
VisualStudioVersion = 16.0.31313.79
MinimumVisualStudioVersion = 10.0.40219.1
Project("{FAE04EC0-301F-11D3-BF4B-00C04F79EFBC}") = "xtender", "xtender.csproj", "{FABB27F4-E41E-430D-82B7-F3C4BBB76E72}"
EndProject
Global
	GlobalSection(SolutionConfigurationPlatforms) = preSolution
		Debug|Any CPU = Debug|Any CPU
		Release|Any CPU = Release|Any CPU
	EndGlobalSection
	GlobalSection(ProjectConfigurationPlatforms) = postSolution
		{FABB27F4-E41E-430D-82B7-F3C4BBB76E72}.Debug|Any CPU.ActiveCfg = Debug|Any CPU
		{FABB27F4-E41E-430D-82B7-F3C4BBB76E72}.Debug|Any CPU.Build.0 = Debug|Any CPU
		{FABB27F4-E41E-430D-82B7-F3C4BBB76E72}.Release|Any CPU.ActiveCfg = Release|Any CPU
		{FABB27F4-E41E-430D-82B7-F3C4BBB76E72}.Release|Any CPU.Build.0 = Release|Any CPU
	EndGlobalSection
	GlobalSection(SolutionProperties) = preSolution
		HideSolutionNode = FALSE
	EndGlobalSection
	GlobalSection(ExtensibilityGlobals) = postSolution
		SolutionGuid = {8DF95998-89A0-44A2-BCC9-1C512FACF04E}
	EndGlobalSection
EndGlobal
